// !$*UTF8*$!
{
	archiveVersion = 1;
	classes = {
	};
	objectVersion = 56;
	objects = {

/* Begin PBXBuildFile section */
		085A63F32AA6C703000B5DA6 /* DividerView.swift in Sources */ = {isa = PBXBuildFile; fileRef = 085A63ED2AA6C703000B5DA6 /* DividerView.swift */; };
		085A63F42AA6C703000B5DA6 /* NumberView.swift in Sources */ = {isa = PBXBuildFile; fileRef = 085A63EE2AA6C703000B5DA6 /* NumberView.swift */; };
		085A63F52AA6C703000B5DA6 /* WeekdayView.swift in Sources */ = {isa = PBXBuildFile; fileRef = 085A63EF2AA6C703000B5DA6 /* WeekdayView.swift */; };
		085A63F62AA6C703000B5DA6 /* AgeView.swift in Sources */ = {isa = PBXBuildFile; fileRef = 085A63F02AA6C703000B5DA6 /* AgeView.swift */; };
		085A63F72AA6C703000B5DA6 /* TimeView.swift in Sources */ = {isa = PBXBuildFile; fileRef = 085A63F12AA6C703000B5DA6 /* TimeView.swift */; };
		085A63F82AA6C703000B5DA6 /* DayView.swift in Sources */ = {isa = PBXBuildFile; fileRef = 085A63F22AA6C703000B5DA6 /* DayView.swift */; };
		085A63FD2AA740FB000B5DA6 /* DigitView.swift in Sources */ = {isa = PBXBuildFile; fileRef = 085A63FC2AA740FB000B5DA6 /* DigitView.swift */; };
		085A63FF2AAB090E000B5DA6 /* MatrixView.swift in Sources */ = {isa = PBXBuildFile; fileRef = 085A63FE2AAB090E000B5DA6 /* MatrixView.swift */; };
		085A64012AAB2177000B5DA6 /* Coordinate.swift in Sources */ = {isa = PBXBuildFile; fileRef = 085A64002AAB2177000B5DA6 /* Coordinate.swift */; };
		085A64032AB06C84000B5DA6 /* DisplayView.swift in Sources */ = {isa = PBXBuildFile; fileRef = 085A64022AB06C84000B5DA6 /* DisplayView.swift */; };
		08EEA3A72A9205310086826E /* LiquidCrystalDisplayUIApp.swift in Sources */ = {isa = PBXBuildFile; fileRef = 08EEA3A62A9205310086826E /* LiquidCrystalDisplayUIApp.swift */; };
		08EEA3A92A9205310086826E /* ContentView.swift in Sources */ = {isa = PBXBuildFile; fileRef = 08EEA3A82A9205310086826E /* ContentView.swift */; };
		08EEA3AB2A9205350086826E /* Assets.xcassets in Resources */ = {isa = PBXBuildFile; fileRef = 08EEA3AA2A9205350086826E /* Assets.xcassets */; };
		08EEA3AF2A9205350086826E /* Preview Assets.xcassets in Resources */ = {isa = PBXBuildFile; fileRef = 08EEA3AE2A9205350086826E /* Preview Assets.xcassets */; };
/* End PBXBuildFile section */

/* Begin PBXFileReference section */
		085A63ED2AA6C703000B5DA6 /* DividerView.swift */ = {isa = PBXFileReference; fileEncoding = 4; lastKnownFileType = sourcecode.swift; path = DividerView.swift; sourceTree = "<group>"; };
		085A63EE2AA6C703000B5DA6 /* NumberView.swift */ = {isa = PBXFileReference; fileEncoding = 4; lastKnownFileType = sourcecode.swift; path = NumberView.swift; sourceTree = "<group>"; };
		085A63EF2AA6C703000B5DA6 /* WeekdayView.swift */ = {isa = PBXFileReference; fileEncoding = 4; lastKnownFileType = sourcecode.swift; path = WeekdayView.swift; sourceTree = "<group>"; };
		085A63F02AA6C703000B5DA6 /* AgeView.swift */ = {isa = PBXFileReference; fileEncoding = 4; lastKnownFileType = sourcecode.swift; path = AgeView.swift; sourceTree = "<group>"; };
		085A63F12AA6C703000B5DA6 /* TimeView.swift */ = {isa = PBXFileReference; fileEncoding = 4; lastKnownFileType = sourcecode.swift; path = TimeView.swift; sourceTree = "<group>"; };
		085A63F22AA6C703000B5DA6 /* DayView.swift */ = {isa = PBXFileReference; fileEncoding = 4; lastKnownFileType = sourcecode.swift; path = DayView.swift; sourceTree = "<group>"; };
		085A63FC2AA740FB000B5DA6 /* DigitView.swift */ = {isa = PBXFileReference; lastKnownFileType = sourcecode.swift; path = DigitView.swift; sourceTree = "<group>"; };
		085A63FE2AAB090E000B5DA6 /* MatrixView.swift */ = {isa = PBXFileReference; lastKnownFileType = sourcecode.swift; path = MatrixView.swift; sourceTree = "<group>"; };
		085A64002AAB2177000B5DA6 /* Coordinate.swift */ = {isa = PBXFileReference; lastKnownFileType = sourcecode.swift; path = Coordinate.swift; sourceTree = "<group>"; };
		085A64022AB06C84000B5DA6 /* DisplayView.swift */ = {isa = PBXFileReference; lastKnownFileType = sourcecode.swift; path = DisplayView.swift; sourceTree = "<group>"; };
		08EEA3A32A9205310086826E /* LiquidCrystalDisplayUI.app */ = {isa = PBXFileReference; explicitFileType = wrapper.application; includeInIndex = 0; path = LiquidCrystalDisplayUI.app; sourceTree = BUILT_PRODUCTS_DIR; };
		08EEA3A62A9205310086826E /* LiquidCrystalDisplayUIApp.swift */ = {isa = PBXFileReference; lastKnownFileType = sourcecode.swift; path = LiquidCrystalDisplayUIApp.swift; sourceTree = "<group>"; };
		08EEA3A82A9205310086826E /* ContentView.swift */ = {isa = PBXFileReference; lastKnownFileType = sourcecode.swift; path = ContentView.swift; sourceTree = "<group>"; };
		08EEA3AA2A9205350086826E /* Assets.xcassets */ = {isa = PBXFileReference; lastKnownFileType = folder.assetcatalog; path = Assets.xcassets; sourceTree = "<group>"; };
		08EEA3AC2A9205350086826E /* LiquidCrystalDisplayUI.entitlements */ = {isa = PBXFileReference; lastKnownFileType = text.plist.entitlements; path = LiquidCrystalDisplayUI.entitlements; sourceTree = "<group>"; };
		08EEA3AE2A9205350086826E /* Preview Assets.xcassets */ = {isa = PBXFileReference; lastKnownFileType = folder.assetcatalog; path = "Preview Assets.xcassets"; sourceTree = "<group>"; };
/* End PBXFileReference section */

/* Begin PBXFrameworksBuildPhase section */
		08EEA3A02A9205310086826E /* Frameworks */ = {
			isa = PBXFrameworksBuildPhase;
			buildActionMask = 2147483647;
			files = (
			);
			runOnlyForDeploymentPostprocessing = 0;
		};
/* End PBXFrameworksBuildPhase section */

/* Begin PBXGroup section */
		085A63EC2AA6C703000B5DA6 /* DateComponents */ = {
			isa = PBXGroup;
			children = (
				085A63F02AA6C703000B5DA6 /* AgeView.swift */,
				085A63F22AA6C703000B5DA6 /* DayView.swift */,
				085A63F12AA6C703000B5DA6 /* TimeView.swift */,
				085A63EF2AA6C703000B5DA6 /* WeekdayView.swift */,
			);
			path = DateComponents;
			sourceTree = "<group>";
		};
		085A63F92AA7247D000B5DA6 /* CoreComponents */ = {
			isa = PBXGroup;
			children = (
				085A64002AAB2177000B5DA6 /* Coordinate.swift */,
				085A63EE2AA6C703000B5DA6 /* NumberView.swift */,
				085A63FC2AA740FB000B5DA6 /* DigitView.swift */,
				085A63ED2AA6C703000B5DA6 /* DividerView.swift */,
				085A63FE2AAB090E000B5DA6 /* MatrixView.swift */,
			);
			path = CoreComponents;
			sourceTree = "<group>";
		};
		08EEA39A2A9205310086826E = {
			isa = PBXGroup;
			children = (
				08EEA3A52A9205310086826E /* LiquidCrystalDisplayUI */,
				08EEA3A42A9205310086826E /* Products */,
			);
			sourceTree = "<group>";
		};
		08EEA3A42A9205310086826E /* Products */ = {
			isa = PBXGroup;
			children = (
				08EEA3A32A9205310086826E /* LiquidCrystalDisplayUI.app */,
			);
			name = Products;
			sourceTree = "<group>";
		};
		08EEA3A52A9205310086826E /* LiquidCrystalDisplayUI */ = {
			isa = PBXGroup;
			children = (
				08EEA3A62A9205310086826E /* LiquidCrystalDisplayUIApp.swift */,
				08EEA3A82A9205310086826E /* ContentView.swift */,
				085A64022AB06C84000B5DA6 /* DisplayView.swift */,
				085A63F92AA7247D000B5DA6 /* CoreComponents */,
				085A63EC2AA6C703000B5DA6 /* DateComponents */,
				08EEA3AA2A9205350086826E /* Assets.xcassets */,
				08EEA3AC2A9205350086826E /* LiquidCrystalDisplayUI.entitlements */,
				08EEA3AD2A9205350086826E /* Preview Content */,
			);
			path = LiquidCrystalDisplayUI;
			sourceTree = "<group>";
		};
		08EEA3AD2A9205350086826E /* Preview Content */ = {
			isa = PBXGroup;
			children = (
				08EEA3AE2A9205350086826E /* Preview Assets.xcassets */,
			);
			path = "Preview Content";
			sourceTree = "<group>";
		};
/* End PBXGroup section */

/* Begin PBXNativeTarget section */
		08EEA3A22A9205310086826E /* LiquidCrystalDisplayUI */ = {
			isa = PBXNativeTarget;
			buildConfigurationList = 08EEA3B22A9205350086826E /* Build configuration list for PBXNativeTarget "LiquidCrystalDisplayUI" */;
			buildPhases = (
				08EEA39F2A9205310086826E /* Sources */,
				08EEA3A02A9205310086826E /* Frameworks */,
				08EEA3A12A9205310086826E /* Resources */,
			);
			buildRules = (
			);
			dependencies = (
			);
			name = LiquidCrystalDisplayUI;
			productName = LiquidCrystalDisplayUI;
			productReference = 08EEA3A32A9205310086826E /* LiquidCrystalDisplayUI.app */;
			productType = "com.apple.product-type.application";
		};
/* End PBXNativeTarget section */

/* Begin PBXProject section */
		08EEA39B2A9205310086826E /* Project object */ = {
			isa = PBXProject;
			attributes = {
				BuildIndependentTargetsInParallel = 1;
				LastSwiftUpdateCheck = 1500;
				LastUpgradeCheck = 1500;
				TargetAttributes = {
					08EEA3A22A9205310086826E = {
						CreatedOnToolsVersion = 15.0;
					};
				};
			};
			buildConfigurationList = 08EEA39E2A9205310086826E /* Build configuration list for PBXProject "LiquidCrystalDisplayUI" */;
			compatibilityVersion = "Xcode 14.0";
			developmentRegion = en;
			hasScannedForEncodings = 0;
			knownRegions = (
				en,
				Base,
			);
			mainGroup = 08EEA39A2A9205310086826E;
			productRefGroup = 08EEA3A42A9205310086826E /* Products */;
			projectDirPath = "";
			projectRoot = "";
			targets = (
				08EEA3A22A9205310086826E /* LiquidCrystalDisplayUI */,
			);
		};
/* End PBXProject section */

/* Begin PBXResourcesBuildPhase section */
		08EEA3A12A9205310086826E /* Resources */ = {
			isa = PBXResourcesBuildPhase;
			buildActionMask = 2147483647;
			files = (
				08EEA3AF2A9205350086826E /* Preview Assets.xcassets in Resources */,
				08EEA3AB2A9205350086826E /* Assets.xcassets in Resources */,
			);
			runOnlyForDeploymentPostprocessing = 0;
		};
/* End PBXResourcesBuildPhase section */

/* Begin PBXSourcesBuildPhase section */
		08EEA39F2A9205310086826E /* Sources */ = {
			isa = PBXSourcesBuildPhase;
			buildActionMask = 2147483647;
			files = (
				085A63FD2AA740FB000B5DA6 /* DigitView.swift in Sources */,
				08EEA3A92A9205310086826E /* ContentView.swift in Sources */,
				085A63F82AA6C703000B5DA6 /* DayView.swift in Sources */,
				085A63F72AA6C703000B5DA6 /* TimeView.swift in Sources */,
				085A63F52AA6C703000B5DA6 /* WeekdayView.swift in Sources */,
				085A64012AAB2177000B5DA6 /* Coordinate.swift in Sources */,
				085A63FF2AAB090E000B5DA6 /* MatrixView.swift in Sources */,
				085A63F62AA6C703000B5DA6 /* AgeView.swift in Sources */,
				085A63F32AA6C703000B5DA6 /* DividerView.swift in Sources */,
				085A64032AB06C84000B5DA6 /* DisplayView.swift in Sources */,
				08EEA3A72A9205310086826E /* LiquidCrystalDisplayUIApp.swift in Sources */,
				085A63F42AA6C703000B5DA6 /* NumberView.swift in Sources */,
			);
			runOnlyForDeploymentPostprocessing = 0;
		};
/* End PBXSourcesBuildPhase section */

/* Begin XCBuildConfiguration section */
		08EEA3B02A9205350086826E /* Debug */ = {
			isa = XCBuildConfiguration;
			buildSettings = {
				ALWAYS_SEARCH_USER_PATHS = NO;
				ASSETCATALOG_COMPILER_GENERATE_SWIFT_ASSET_SYMBOL_EXTENSIONS = YES;
				CLANG_ANALYZER_NONNULL = YES;
				CLANG_ANALYZER_NUMBER_OBJECT_CONVERSION = YES_AGGRESSIVE;
				CLANG_CXX_LANGUAGE_STANDARD = "gnu++20";
				CLANG_ENABLE_MODULES = YES;
				CLANG_ENABLE_OBJC_ARC = YES;
				CLANG_ENABLE_OBJC_WEAK = YES;
				CLANG_WARN_BLOCK_CAPTURE_AUTORELEASING = YES;
				CLANG_WARN_BOOL_CONVERSION = YES;
				CLANG_WARN_COMMA = YES;
				CLANG_WARN_CONSTANT_CONVERSION = YES;
				CLANG_WARN_DEPRECATED_OBJC_IMPLEMENTATIONS = YES;
				CLANG_WARN_DIRECT_OBJC_ISA_USAGE = YES_ERROR;
				CLANG_WARN_DOCUMENTATION_COMMENTS = YES;
				CLANG_WARN_EMPTY_BODY = YES;
				CLANG_WARN_ENUM_CONVERSION = YES;
				CLANG_WARN_INFINITE_RECURSION = YES;
				CLANG_WARN_INT_CONVERSION = YES;
				CLANG_WARN_NON_LITERAL_NULL_CONVERSION = YES;
				CLANG_WARN_OBJC_IMPLICIT_RETAIN_SELF = YES;
				CLANG_WARN_OBJC_LITERAL_CONVERSION = YES;
				CLANG_WARN_OBJC_ROOT_CLASS = YES_ERROR;
				CLANG_WARN_QUOTED_INCLUDE_IN_FRAMEWORK_HEADER = YES;
				CLANG_WARN_RANGE_LOOP_ANALYSIS = YES;
				CLANG_WARN_STRICT_PROTOTYPES = YES;
				CLANG_WARN_SUSPICIOUS_MOVE = YES;
				CLANG_WARN_UNGUARDED_AVAILABILITY = YES_AGGRESSIVE;
				CLANG_WARN_UNREACHABLE_CODE = YES;
				CLANG_WARN__DUPLICATE_METHOD_MATCH = YES;
				COPY_PHASE_STRIP = NO;
				DEBUG_INFORMATION_FORMAT = dwarf;
				ENABLE_STRICT_OBJC_MSGSEND = YES;
				ENABLE_TESTABILITY = YES;
				ENABLE_USER_SCRIPT_SANDBOXING = YES;
				GCC_C_LANGUAGE_STANDARD = gnu17;
				GCC_DYNAMIC_NO_PIC = NO;
				GCC_NO_COMMON_BLOCKS = YES;
				GCC_OPTIMIZATION_LEVEL = 0;
				GCC_PREPROCESSOR_DEFINITIONS = (
					"DEBUG=1",
					"$(inherited)",
				);
				GCC_WARN_64_TO_32_BIT_CONVERSION = YES;
				GCC_WARN_ABOUT_RETURN_TYPE = YES_ERROR;
				GCC_WARN_UNDECLARED_SELECTOR = YES;
				GCC_WARN_UNINITIALIZED_AUTOS = YES_AGGRESSIVE;
				GCC_WARN_UNUSED_FUNCTION = YES;
				GCC_WARN_UNUSED_VARIABLE = YES;
				LOCALIZATION_PREFERS_STRING_CATALOGS = YES;
				MTL_ENABLE_DEBUG_INFO = INCLUDE_SOURCE;
				MTL_FAST_MATH = YES;
				ONLY_ACTIVE_ARCH = YES;
				SWIFT_ACTIVE_COMPILATION_CONDITIONS = "DEBUG $(inherited)";
				SWIFT_OPTIMIZATION_LEVEL = "-Onone";
			};
			name = Debug;
		};
		08EEA3B12A9205350086826E /* Release */ = {
			isa = XCBuildConfiguration;
			buildSettings = {
				ALWAYS_SEARCH_USER_PATHS = NO;
				ASSETCATALOG_COMPILER_GENERATE_SWIFT_ASSET_SYMBOL_EXTENSIONS = YES;
				CLANG_ANALYZER_NONNULL = YES;
				CLANG_ANALYZER_NUMBER_OBJECT_CONVERSION = YES_AGGRESSIVE;
				CLANG_CXX_LANGUAGE_STANDARD = "gnu++20";
				CLANG_ENABLE_MODULES = YES;
				CLANG_ENABLE_OBJC_ARC = YES;
				CLANG_ENABLE_OBJC_WEAK = YES;
				CLANG_WARN_BLOCK_CAPTURE_AUTORELEASING = YES;
				CLANG_WARN_BOOL_CONVERSION = YES;
				CLANG_WARN_COMMA = YES;
				CLANG_WARN_CONSTANT_CONVERSION = YES;
				CLANG_WARN_DEPRECATED_OBJC_IMPLEMENTATIONS = YES;
				CLANG_WARN_DIRECT_OBJC_ISA_USAGE = YES_ERROR;
				CLANG_WARN_DOCUMENTATION_COMMENTS = YES;
				CLANG_WARN_EMPTY_BODY = YES;
				CLANG_WARN_ENUM_CONVERSION = YES;
				CLANG_WARN_INFINITE_RECURSION = YES;
				CLANG_WARN_INT_CONVERSION = YES;
				CLANG_WARN_NON_LITERAL_NULL_CONVERSION = YES;
				CLANG_WARN_OBJC_IMPLICIT_RETAIN_SELF = YES;
				CLANG_WARN_OBJC_LITERAL_CONVERSION = YES;
				CLANG_WARN_OBJC_ROOT_CLASS = YES_ERROR;
				CLANG_WARN_QUOTED_INCLUDE_IN_FRAMEWORK_HEADER = YES;
				CLANG_WARN_RANGE_LOOP_ANALYSIS = YES;
				CLANG_WARN_STRICT_PROTOTYPES = YES;
				CLANG_WARN_SUSPICIOUS_MOVE = YES;
				CLANG_WARN_UNGUARDED_AVAILABILITY = YES_AGGRESSIVE;
				CLANG_WARN_UNREACHABLE_CODE = YES;
				CLANG_WARN__DUPLICATE_METHOD_MATCH = YES;
				COPY_PHASE_STRIP = NO;
				DEBUG_INFORMATION_FORMAT = "dwarf-with-dsym";
				ENABLE_NS_ASSERTIONS = NO;
				ENABLE_STRICT_OBJC_MSGSEND = YES;
				ENABLE_USER_SCRIPT_SANDBOXING = YES;
				GCC_C_LANGUAGE_STANDARD = gnu17;
				GCC_NO_COMMON_BLOCKS = YES;
				GCC_WARN_64_TO_32_BIT_CONVERSION = YES;
				GCC_WARN_ABOUT_RETURN_TYPE = YES_ERROR;
				GCC_WARN_UNDECLARED_SELECTOR = YES;
				GCC_WARN_UNINITIALIZED_AUTOS = YES_AGGRESSIVE;
				GCC_WARN_UNUSED_FUNCTION = YES;
				GCC_WARN_UNUSED_VARIABLE = YES;
				LOCALIZATION_PREFERS_STRING_CATALOGS = YES;
				MTL_ENABLE_DEBUG_INFO = NO;
				MTL_FAST_MATH = YES;
				SWIFT_COMPILATION_MODE = wholemodule;
			};
			name = Release;
		};
		08EEA3B32A9205350086826E /* Debug */ = {
			isa = XCBuildConfiguration;
			buildSettings = {
				ASSETCATALOG_COMPILER_APPICON_NAME = AppIcon;
				ASSETCATALOG_COMPILER_GLOBAL_ACCENT_COLOR_NAME = AccentColor;
				CODE_SIGN_ENTITLEMENTS = LiquidCrystalDisplayUI/LiquidCrystalDisplayUI.entitlements;
				CODE_SIGN_STYLE = Automatic;
				CURRENT_PROJECT_VERSION = 1;
				DEVELOPMENT_ASSET_PATHS = "\"LiquidCrystalDisplayUI/Preview Content\"";
				DEVELOPMENT_TEAM = Y77RDM57S3;
				ENABLE_HARDENED_RUNTIME = YES;
				ENABLE_PREVIEWS = YES;
				GENERATE_INFOPLIST_FILE = YES;
				"INFOPLIST_KEY_UIApplicationSceneManifest_Generation[sdk=iphoneos*]" = YES;
				"INFOPLIST_KEY_UIApplicationSceneManifest_Generation[sdk=iphonesimulator*]" = YES;
				"INFOPLIST_KEY_UIApplicationSupportsIndirectInputEvents[sdk=iphoneos*]" = YES;
				"INFOPLIST_KEY_UIApplicationSupportsIndirectInputEvents[sdk=iphonesimulator*]" = YES;
				"INFOPLIST_KEY_UILaunchScreen_Generation[sdk=iphoneos*]" = YES;
				"INFOPLIST_KEY_UILaunchScreen_Generation[sdk=iphonesimulator*]" = YES;
				"INFOPLIST_KEY_UIStatusBarStyle[sdk=iphoneos*]" = UIStatusBarStyleDefault;
				"INFOPLIST_KEY_UIStatusBarStyle[sdk=iphonesimulator*]" = UIStatusBarStyleDefault;
				INFOPLIST_KEY_UISupportedInterfaceOrientations_iPad = "UIInterfaceOrientationPortrait UIInterfaceOrientationPortraitUpsideDown UIInterfaceOrientationLandscapeLeft UIInterfaceOrientationLandscapeRight";
				INFOPLIST_KEY_UISupportedInterfaceOrientations_iPhone = "UIInterfaceOrientationPortrait UIInterfaceOrientationLandscapeLeft UIInterfaceOrientationLandscapeRight";
				IPHONEOS_DEPLOYMENT_TARGET = 17.0;
				LD_RUNPATH_SEARCH_PATHS = "@executable_path/Frameworks";
				"LD_RUNPATH_SEARCH_PATHS[sdk=macosx*]" = "@executable_path/../Frameworks";
				MACOSX_DEPLOYMENT_TARGET = 13.4;
				MARKETING_VERSION = 1.0;
				PRODUCT_BUNDLE_IDENTIFIER = jp.co.yumemi.LiquidCrystalDisplayUI;
				PRODUCT_NAME = "$(TARGET_NAME)";
				SDKROOT = auto;
				SUPPORTED_PLATFORMS = "iphoneos iphonesimulator macosx";
				SWIFT_EMIT_LOC_STRINGS = YES;
				SWIFT_VERSION = 5.0;
				TARGETED_DEVICE_FAMILY = "1,2";
			};
			name = Debug;
		};
		08EEA3B42A9205350086826E /* Release */ = {
			isa = XCBuildConfiguration;
			buildSettings = {
				ASSETCATALOG_COMPILER_APPICON_NAME = AppIcon;
				ASSETCATALOG_COMPILER_GLOBAL_ACCENT_COLOR_NAME = AccentColor;
				CODE_SIGN_ENTITLEMENTS = LiquidCrystalDisplayUI/LiquidCrystalDisplayUI.entitlements;
				CODE_SIGN_STYLE = Automatic;
				CURRENT_PROJECT_VERSION = 1;
				DEVELOPMENT_ASSET_PATHS = "\"LiquidCrystalDisplayUI/Preview Content\"";
				DEVELOPMENT_TEAM = Y77RDM57S3;
				ENABLE_HARDENED_RUNTIME = YES;
				ENABLE_PREVIEWS = YES;
				GENERATE_INFOPLIST_FILE = YES;
				"INFOPLIST_KEY_UIApplicationSceneManifest_Generation[sdk=iphoneos*]" = YES;
				"INFOPLIST_KEY_UIApplicationSceneManifest_Generation[sdk=iphonesimulator*]" = YES;
				"INFOPLIST_KEY_UIApplicationSupportsIndirectInputEvents[sdk=iphoneos*]" = YES;
				"INFOPLIST_KEY_UIApplicationSupportsIndirectInputEvents[sdk=iphonesimulator*]" = YES;
				"INFOPLIST_KEY_UILaunchScreen_Generation[sdk=iphoneos*]" = YES;
				"INFOPLIST_KEY_UILaunchScreen_Generation[sdk=iphonesimulator*]" = YES;
				"INFOPLIST_KEY_UIStatusBarStyle[sdk=iphoneos*]" = UIStatusBarStyleDefault;
				"INFOPLIST_KEY_UIStatusBarStyle[sdk=iphonesimulator*]" = UIStatusBarStyleDefault;
				INFOPLIST_KEY_UISupportedInterfaceOrientations_iPad = "UIInterfaceOrientationPortrait UIInterfaceOrientationPortraitUpsideDown UIInterfaceOrientationLandscapeLeft UIInterfaceOrientationLandscapeRight";
				INFOPLIST_KEY_UISupportedInterfaceOrientations_iPhone = "UIInterfaceOrientationPortrait UIInterfaceOrientationLandscapeLeft UIInterfaceOrientationLandscapeRight";
				IPHONEOS_DEPLOYMENT_TARGET = 17.0;
				LD_RUNPATH_SEARCH_PATHS = "@executable_path/Frameworks";
				"LD_RUNPATH_SEARCH_PATHS[sdk=macosx*]" = "@executable_path/../Frameworks";
				MACOSX_DEPLOYMENT_TARGET = 13.4;
				MARKETING_VERSION = 1.0;
				PRODUCT_BUNDLE_IDENTIFIER = jp.co.yumemi.LiquidCrystalDisplayUI;
				PRODUCT_NAME = "$(TARGET_NAME)";
				SDKROOT = auto;
				SUPPORTED_PLATFORMS = "iphoneos iphonesimulator macosx";
				SWIFT_EMIT_LOC_STRINGS = YES;
				SWIFT_VERSION = 5.0;
				TARGETED_DEVICE_FAMILY = "1,2";
			};
			name = Release;
		};
/* End XCBuildConfiguration section */

/* Begin XCConfigurationList section */
		08EEA39E2A9205310086826E /* Build configuration list for PBXProject "LiquidCrystalDisplayUI" */ = {
			isa = XCConfigurationList;
			buildConfigurations = (
				08EEA3B02A9205350086826E /* Debug */,
				08EEA3B12A9205350086826E /* Release */,
			);
			defaultConfigurationIsVisible = 0;
			defaultConfigurationName = Release;
		};
		08EEA3B22A9205350086826E /* Build configuration list for PBXNativeTarget "LiquidCrystalDisplayUI" */ = {
			isa = XCConfigurationList;
			buildConfigurations = (
				08EEA3B32A9205350086826E /* Debug */,
				08EEA3B42A9205350086826E /* Release */,
			);
			defaultConfigurationIsVisible = 0;
			defaultConfigurationName = Release;
		};
/* End XCConfigurationList section */
	};
	rootObject = 08EEA39B2A9205310086826E /* Project object */;
}
