// !$*UTF8*$!
{
	archiveVersion = 1;
	classes = {
	};
	objectVersion = 56;
	objects = {

/* Begin PBXBuildFile section */
		081A714E2AC8DBB700A810D1 /* DigitalClockKitDemoApp.swift in Sources */ = {isa = PBXBuildFile; fileRef = 081A714D2AC8DBB700A810D1 /* DigitalClockKitDemoApp.swift */; };
		081A71502AC8DBB700A810D1 /* ContentView.swift in Sources */ = {isa = PBXBuildFile; fileRef = 081A714F2AC8DBB700A810D1 /* ContentView.swift */; };
		081A71522AC8DBB800A810D1 /* Assets.xcassets in Resources */ = {isa = PBXBuildFile; fileRef = 081A71512AC8DBB800A810D1 /* Assets.xcassets */; };
		081A71562AC8DBB800A810D1 /* Preview Assets.xcassets in Resources */ = {isa = PBXBuildFile; fileRef = 081A71552AC8DBB800A810D1 /* Preview Assets.xcassets */; };
		081A715C2AC8DC3000A810D1 /* Watch2View.swift in Sources */ = {isa = PBXBuildFile; fileRef = 081A715A2AC8DC3000A810D1 /* Watch2View.swift */; };
		081A715D2AC8DC3000A810D1 /* Watch1View.swift in Sources */ = {isa = PBXBuildFile; fileRef = 081A715B2AC8DC3000A810D1 /* Watch1View.swift */; };
		081A715E2AC8DCFA00A810D1 /* MatrixView.swift in Sources */ = {isa = PBXBuildFile; fileRef = 08827E622AC8D4EB00E46115 /* MatrixView.swift */; };
		081A715F2AC8DCFA00A810D1 /* NumberView.swift in Sources */ = {isa = PBXBuildFile; fileRef = 08827E632AC8D4EB00E46115 /* NumberView.swift */; };
		081A71602AC8DCFA00A810D1 /* DigitView.swift in Sources */ = {isa = PBXBuildFile; fileRef = 08827E642AC8D4EB00E46115 /* DigitView.swift */; };
		081A71612AC8DCFA00A810D1 /* Coordinate.swift in Sources */ = {isa = PBXBuildFile; fileRef = 08827E652AC8D4EB00E46115 /* Coordinate.swift */; };
		081A71622AC8DCFA00A810D1 /* WeekdayView.swift in Sources */ = {isa = PBXBuildFile; fileRef = 08827E672AC8D4EB00E46115 /* WeekdayView.swift */; };
		081A71632AC8DCFA00A810D1 /* AgeView.swift in Sources */ = {isa = PBXBuildFile; fileRef = 08827E682AC8D4EB00E46115 /* AgeView.swift */; };
		081A71642AC8DCFA00A810D1 /* TimeView.swift in Sources */ = {isa = PBXBuildFile; fileRef = 08827E692AC8D4EB00E46115 /* TimeView.swift */; };
		081A71652AC8DCFA00A810D1 /* DayView.swift in Sources */ = {isa = PBXBuildFile; fileRef = 08827E6A2AC8D4EB00E46115 /* DayView.swift */; };
		0827AC102AC96ECB00DF9A7F /* DividerView.swift in Sources */ = {isa = PBXBuildFile; fileRef = 0827AC0F2AC96ECB00DF9A7F /* DividerView.swift */; };
		0827AC112AC96ECB00DF9A7F /* DividerView.swift in Sources */ = {isa = PBXBuildFile; fileRef = 0827AC0F2AC96ECB00DF9A7F /* DividerView.swift */; };
		08827E6C2AC8D4EB00E46115 /* MatrixView.swift in Sources */ = {isa = PBXBuildFile; fileRef = 08827E622AC8D4EB00E46115 /* MatrixView.swift */; };
		08827E6D2AC8D4EB00E46115 /* NumberView.swift in Sources */ = {isa = PBXBuildFile; fileRef = 08827E632AC8D4EB00E46115 /* NumberView.swift */; };
		08827E6E2AC8D4EB00E46115 /* DigitView.swift in Sources */ = {isa = PBXBuildFile; fileRef = 08827E642AC8D4EB00E46115 /* DigitView.swift */; };
		08827E6F2AC8D4EB00E46115 /* Coordinate.swift in Sources */ = {isa = PBXBuildFile; fileRef = 08827E652AC8D4EB00E46115 /* Coordinate.swift */; };
		08827E702AC8D4EB00E46115 /* WeekdayView.swift in Sources */ = {isa = PBXBuildFile; fileRef = 08827E672AC8D4EB00E46115 /* WeekdayView.swift */; };
		08827E712AC8D4EB00E46115 /* AgeView.swift in Sources */ = {isa = PBXBuildFile; fileRef = 08827E682AC8D4EB00E46115 /* AgeView.swift */; };
		08827E722AC8D4EB00E46115 /* TimeView.swift in Sources */ = {isa = PBXBuildFile; fileRef = 08827E692AC8D4EB00E46115 /* TimeView.swift */; };
		08827E732AC8D4EB00E46115 /* DayView.swift in Sources */ = {isa = PBXBuildFile; fileRef = 08827E6A2AC8D4EB00E46115 /* DayView.swift */; };
		08827E742AC8D4EB00E46115 /* DigitalClockKit.swift in Sources */ = {isa = PBXBuildFile; fileRef = 08827E6B2AC8D4EB00E46115 /* DigitalClockKit.swift */; };
		08827E762AC8D50200E46115 /* Package.swift in Sources */ = {isa = PBXBuildFile; fileRef = 08827E752AC8D50200E46115 /* Package.swift */; };
		08827E782AC8D50F00E46115 /* README.md in Resources */ = {isa = PBXBuildFile; fileRef = 08827E772AC8D50F00E46115 /* README.md */; };
		08827E7C2AC8D5AC00E46115 /* DigitalClockKitTests.swift in Sources */ = {isa = PBXBuildFile; fileRef = 08827E7B2AC8D5AB00E46115 /* DigitalClockKitTests.swift */; };
		089BAEC32ACCC1B90000F06B /* DigitContainerView.swift in Sources */ = {isa = PBXBuildFile; fileRef = 089BAEC22ACCC1B90000F06B /* DigitContainerView.swift */; };
		089BAEC52ACCC2190000F06B /* DigitContainerView.swift in Sources */ = {isa = PBXBuildFile; fileRef = 089BAEC22ACCC1B90000F06B /* DigitContainerView.swift */; };
		089BAEC82ACCC2680000F06B /* BinaryInteger+Extension.swift in Sources */ = {isa = PBXBuildFile; fileRef = 089BAEC72ACCC2680000F06B /* BinaryInteger+Extension.swift */; };
		089BAEC92ACCC2680000F06B /* BinaryInteger+Extension.swift in Sources */ = {isa = PBXBuildFile; fileRef = 089BAEC72ACCC2680000F06B /* BinaryInteger+Extension.swift */; };
		089BAECB2ACEB22A0000F06B /* Mode.swift in Sources */ = {isa = PBXBuildFile; fileRef = 089BAECA2ACEB22A0000F06B /* Mode.swift */; };
		089BAECC2ACEB22A0000F06B /* Mode.swift in Sources */ = {isa = PBXBuildFile; fileRef = 089BAECA2ACEB22A0000F06B /* Mode.swift */; };
/* End PBXBuildFile section */

/* Begin PBXFileReference section */
		081A714B2AC8DBB700A810D1 /* DigitalClockKitDemoApp.app */ = {isa = PBXFileReference; explicitFileType = wrapper.application; includeInIndex = 0; path = DigitalClockKitDemoApp.app; sourceTree = BUILT_PRODUCTS_DIR; };
		081A714D2AC8DBB700A810D1 /* DigitalClockKitDemoApp.swift */ = {isa = PBXFileReference; lastKnownFileType = sourcecode.swift; path = DigitalClockKitDemoApp.swift; sourceTree = "<group>"; };
		081A714F2AC8DBB700A810D1 /* ContentView.swift */ = {isa = PBXFileReference; lastKnownFileType = sourcecode.swift; path = ContentView.swift; sourceTree = "<group>"; };
		081A71512AC8DBB800A810D1 /* Assets.xcassets */ = {isa = PBXFileReference; lastKnownFileType = folder.assetcatalog; path = Assets.xcassets; sourceTree = "<group>"; };
		081A71532AC8DBB800A810D1 /* DigitalClockKitDemoApp.entitlements */ = {isa = PBXFileReference; lastKnownFileType = text.plist.entitlements; path = DigitalClockKitDemoApp.entitlements; sourceTree = "<group>"; };
		081A71552AC8DBB800A810D1 /* Preview Assets.xcassets */ = {isa = PBXFileReference; lastKnownFileType = folder.assetcatalog; path = "Preview Assets.xcassets"; sourceTree = "<group>"; };
		081A715A2AC8DC3000A810D1 /* Watch2View.swift */ = {isa = PBXFileReference; fileEncoding = 4; lastKnownFileType = sourcecode.swift; path = Watch2View.swift; sourceTree = "<group>"; };
		081A715B2AC8DC3000A810D1 /* Watch1View.swift */ = {isa = PBXFileReference; fileEncoding = 4; lastKnownFileType = sourcecode.swift; path = Watch1View.swift; sourceTree = "<group>"; };
		0827AC0F2AC96ECB00DF9A7F /* DividerView.swift */ = {isa = PBXFileReference; lastKnownFileType = sourcecode.swift; path = DividerView.swift; sourceTree = "<group>"; };
		08827E622AC8D4EB00E46115 /* MatrixView.swift */ = {isa = PBXFileReference; fileEncoding = 4; lastKnownFileType = sourcecode.swift; path = MatrixView.swift; sourceTree = "<group>"; };
		08827E632AC8D4EB00E46115 /* NumberView.swift */ = {isa = PBXFileReference; fileEncoding = 4; lastKnownFileType = sourcecode.swift; path = NumberView.swift; sourceTree = "<group>"; };
		08827E642AC8D4EB00E46115 /* DigitView.swift */ = {isa = PBXFileReference; fileEncoding = 4; lastKnownFileType = sourcecode.swift; path = DigitView.swift; sourceTree = "<group>"; };
		08827E652AC8D4EB00E46115 /* Coordinate.swift */ = {isa = PBXFileReference; fileEncoding = 4; lastKnownFileType = sourcecode.swift; path = Coordinate.swift; sourceTree = "<group>"; };
		08827E672AC8D4EB00E46115 /* WeekdayView.swift */ = {isa = PBXFileReference; fileEncoding = 4; lastKnownFileType = sourcecode.swift; path = WeekdayView.swift; sourceTree = "<group>"; };
		08827E682AC8D4EB00E46115 /* AgeView.swift */ = {isa = PBXFileReference; fileEncoding = 4; lastKnownFileType = sourcecode.swift; path = AgeView.swift; sourceTree = "<group>"; };
		08827E692AC8D4EB00E46115 /* TimeView.swift */ = {isa = PBXFileReference; fileEncoding = 4; lastKnownFileType = sourcecode.swift; path = TimeView.swift; sourceTree = "<group>"; };
		08827E6A2AC8D4EB00E46115 /* DayView.swift */ = {isa = PBXFileReference; fileEncoding = 4; lastKnownFileType = sourcecode.swift; path = DayView.swift; sourceTree = "<group>"; };
		08827E6B2AC8D4EB00E46115 /* DigitalClockKit.swift */ = {isa = PBXFileReference; fileEncoding = 4; lastKnownFileType = sourcecode.swift; path = DigitalClockKit.swift; sourceTree = "<group>"; };
		08827E752AC8D50200E46115 /* Package.swift */ = {isa = PBXFileReference; fileEncoding = 4; lastKnownFileType = sourcecode.swift; path = Package.swift; sourceTree = "<group>"; };
		08827E772AC8D50F00E46115 /* README.md */ = {isa = PBXFileReference; fileEncoding = 4; lastKnownFileType = net.daringfireball.markdown; path = README.md; sourceTree = "<group>"; };
		08827E7B2AC8D5AB00E46115 /* DigitalClockKitTests.swift */ = {isa = PBXFileReference; fileEncoding = 4; lastKnownFileType = sourcecode.swift; path = DigitalClockKitTests.swift; sourceTree = "<group>"; };
		089BAEC22ACCC1B90000F06B /* DigitContainerView.swift */ = {isa = PBXFileReference; lastKnownFileType = sourcecode.swift; path = DigitContainerView.swift; sourceTree = "<group>"; };
		089BAEC72ACCC2680000F06B /* BinaryInteger+Extension.swift */ = {isa = PBXFileReference; lastKnownFileType = sourcecode.swift; path = "BinaryInteger+Extension.swift"; sourceTree = "<group>"; };
		089BAECA2ACEB22A0000F06B /* Mode.swift */ = {isa = PBXFileReference; lastKnownFileType = sourcecode.swift; path = Mode.swift; sourceTree = "<group>"; };
		08EEA3A32A9205310086826E /* DigitalClockKit.app */ = {isa = PBXFileReference; explicitFileType = wrapper.application; includeInIndex = 0; path = DigitalClockKit.app; sourceTree = BUILT_PRODUCTS_DIR; };
/* End PBXFileReference section */

/* Begin PBXFrameworksBuildPhase section */
		081A71482AC8DBB700A810D1 /* Frameworks */ = {
			isa = PBXFrameworksBuildPhase;
			buildActionMask = 2147483647;
			files = (
			);
			runOnlyForDeploymentPostprocessing = 0;
		};
		08EEA3A02A9205310086826E /* Frameworks */ = {
			isa = PBXFrameworksBuildPhase;
			buildActionMask = 2147483647;
			files = (
			);
			runOnlyForDeploymentPostprocessing = 0;
		};
/* End PBXFrameworksBuildPhase section */

/* Begin PBXGroup section */
		081A714C2AC8DBB700A810D1 /* DigitalClockKitDemoApp */ = {
			isa = PBXGroup;
			children = (
				081A714D2AC8DBB700A810D1 /* DigitalClockKitDemoApp.swift */,
				081A714F2AC8DBB700A810D1 /* ContentView.swift */,
				081A715B2AC8DC3000A810D1 /* Watch1View.swift */,
				081A715A2AC8DC3000A810D1 /* Watch2View.swift */,
				081A71512AC8DBB800A810D1 /* Assets.xcassets */,
				081A71532AC8DBB800A810D1 /* DigitalClockKitDemoApp.entitlements */,
				081A71542AC8DBB800A810D1 /* Preview Content */,
			);
			path = DigitalClockKitDemoApp;
			sourceTree = "<group>";
		};
		081A71542AC8DBB800A810D1 /* Preview Content */ = {
			isa = PBXGroup;
			children = (
				081A71552AC8DBB800A810D1 /* Preview Assets.xcassets */,
			);
			path = "Preview Content";
			sourceTree = "<group>";
		};
		08827E5F2AC8D4EB00E46115 /* Sources */ = {
			isa = PBXGroup;
			children = (
				08827E602AC8D4EB00E46115 /* DigitalClockKit */,
			);
			path = Sources;
			sourceTree = "<group>";
		};
		08827E602AC8D4EB00E46115 /* DigitalClockKit */ = {
			isa = PBXGroup;
			children = (
				089BAEC62ACCC24E0000F06B /* Extension */,
				08827E6B2AC8D4EB00E46115 /* DigitalClockKit.swift */,
				08827E612AC8D4EB00E46115 /* CoreComponents */,
				08827E662AC8D4EB00E46115 /* DateComponents */,
			);
			path = DigitalClockKit;
			sourceTree = "<group>";
		};
		08827E612AC8D4EB00E46115 /* CoreComponents */ = {
			isa = PBXGroup;
			children = (
				08827E652AC8D4EB00E46115 /* Coordinate.swift */,
				08827E642AC8D4EB00E46115 /* DigitView.swift */,
				089BAEC22ACCC1B90000F06B /* DigitContainerView.swift */,
				0827AC0F2AC96ECB00DF9A7F /* DividerView.swift */,
				08827E622AC8D4EB00E46115 /* MatrixView.swift */,
				089BAECA2ACEB22A0000F06B /* Mode.swift */,
				08827E632AC8D4EB00E46115 /* NumberView.swift */,
			);
			path = CoreComponents;
			sourceTree = "<group>";
		};
		08827E662AC8D4EB00E46115 /* DateComponents */ = {
			isa = PBXGroup;
			children = (
				08827E682AC8D4EB00E46115 /* AgeView.swift */,
				08827E6A2AC8D4EB00E46115 /* DayView.swift */,
				08827E692AC8D4EB00E46115 /* TimeView.swift */,
				08827E672AC8D4EB00E46115 /* WeekdayView.swift */,
			);
			path = DateComponents;
			sourceTree = "<group>";
		};
		08827E792AC8D5AB00E46115 /* Tests */ = {
			isa = PBXGroup;
			children = (
				08827E7A2AC8D5AB00E46115 /* DigitalClockKitTests */,
			);
			path = Tests;
			sourceTree = "<group>";
		};
		08827E7A2AC8D5AB00E46115 /* DigitalClockKitTests */ = {
			isa = PBXGroup;
			children = (
				08827E7B2AC8D5AB00E46115 /* DigitalClockKitTests.swift */,
			);
			path = DigitalClockKitTests;
			sourceTree = "<group>";
		};
		089BAEC62ACCC24E0000F06B /* Extension */ = {
			isa = PBXGroup;
			children = (
				089BAEC72ACCC2680000F06B /* BinaryInteger+Extension.swift */,
			);
			path = Extension;
			sourceTree = "<group>";
		};
		08EEA39A2A9205310086826E = {
			isa = PBXGroup;
			children = (
				08827E772AC8D50F00E46115 /* README.md */,
				08827E752AC8D50200E46115 /* Package.swift */,
				08827E5F2AC8D4EB00E46115 /* Sources */,
				08827E792AC8D5AB00E46115 /* Tests */,
				081A714C2AC8DBB700A810D1 /* DigitalClockKitDemoApp */,
				08EEA3A42A9205310086826E /* Products */,
			);
			sourceTree = "<group>";
		};
		08EEA3A42A9205310086826E /* Products */ = {
			isa = PBXGroup;
			children = (
				08EEA3A32A9205310086826E /* DigitalClockKit.app */,
				081A714B2AC8DBB700A810D1 /* DigitalClockKitDemoApp.app */,
			);
			name = Products;
			sourceTree = "<group>";
		};
/* End PBXGroup section */

/* Begin PBXNativeTarget section */
		081A714A2AC8DBB700A810D1 /* DigitalClockKitDemoApp */ = {
			isa = PBXNativeTarget;
			buildConfigurationList = 081A71592AC8DBB800A810D1 /* Build configuration list for PBXNativeTarget "DigitalClockKitDemoApp" */;
			buildPhases = (
				081A71472AC8DBB700A810D1 /* Sources */,
				081A71482AC8DBB700A810D1 /* Frameworks */,
				081A71492AC8DBB700A810D1 /* Resources */,
			);
			buildRules = (
			);
			dependencies = (
			);
			name = DigitalClockKitDemoApp;
			productName = DigitalClockKitDemoApp;
			productReference = 081A714B2AC8DBB700A810D1 /* DigitalClockKitDemoApp.app */;
			productType = "com.apple.product-type.application";
		};
		08EEA3A22A9205310086826E /* DigitalClockKit */ = {
			isa = PBXNativeTarget;
			buildConfigurationList = 08EEA3B22A9205350086826E /* Build configuration list for PBXNativeTarget "DigitalClockKit" */;
			buildPhases = (
				08EEA39F2A9205310086826E /* Sources */,
				08EEA3A02A9205310086826E /* Frameworks */,
				08EEA3A12A9205310086826E /* Resources */,
			);
			buildRules = (
			);
			dependencies = (
			);
			name = DigitalClockKit;
			productName = DigitalClockKit;
			productReference = 08EEA3A32A9205310086826E /* DigitalClockKit.app */;
			productType = "com.apple.product-type.application";
		};
/* End PBXNativeTarget section */

/* Begin PBXProject section */
		08EEA39B2A9205310086826E /* Project object */ = {
			isa = PBXProject;
			attributes = {
				BuildIndependentTargetsInParallel = 1;
				LastSwiftUpdateCheck = 1500;
				LastUpgradeCheck = 1500;
				TargetAttributes = {
					081A714A2AC8DBB700A810D1 = {
						CreatedOnToolsVersion = 15.0;
					};
					08EEA3A22A9205310086826E = {
						CreatedOnToolsVersion = 15.0;
					};
				};
			};
			buildConfigurationList = 08EEA39E2A9205310086826E /* Build configuration list for PBXProject "DigitalClockKit" */;
			compatibilityVersion = "Xcode 14.0";
			developmentRegion = en;
			hasScannedForEncodings = 0;
			knownRegions = (
				en,
				Base,
			);
			mainGroup = 08EEA39A2A9205310086826E;
			productRefGroup = 08EEA3A42A9205310086826E /* Products */;
			projectDirPath = "";
			projectRoot = "";
			targets = (
				08EEA3A22A9205310086826E /* DigitalClockKit */,
				081A714A2AC8DBB700A810D1 /* DigitalClockKitDemoApp */,
			);
		};
/* End PBXProject section */

/* Begin PBXResourcesBuildPhase section */
		081A71492AC8DBB700A810D1 /* Resources */ = {
			isa = PBXResourcesBuildPhase;
			buildActionMask = 2147483647;
			files = (
				081A71562AC8DBB800A810D1 /* Preview Assets.xcassets in Resources */,
				081A71522AC8DBB800A810D1 /* Assets.xcassets in Resources */,
			);
			runOnlyForDeploymentPostprocessing = 0;
		};
		08EEA3A12A9205310086826E /* Resources */ = {
			isa = PBXResourcesBuildPhase;
			buildActionMask = 2147483647;
			files = (
				08827E782AC8D50F00E46115 /* README.md in Resources */,
			);
			runOnlyForDeploymentPostprocessing = 0;
		};
/* End PBXResourcesBuildPhase section */

/* Begin PBXSourcesBuildPhase section */
		081A71472AC8DBB700A810D1 /* Sources */ = {
			isa = PBXSourcesBuildPhase;
			buildActionMask = 2147483647;
			files = (
				089BAEC92ACCC2680000F06B /* BinaryInteger+Extension.swift in Sources */,
				081A715E2AC8DCFA00A810D1 /* MatrixView.swift in Sources */,
				081A715F2AC8DCFA00A810D1 /* NumberView.swift in Sources */,
				081A71602AC8DCFA00A810D1 /* DigitView.swift in Sources */,
				081A71612AC8DCFA00A810D1 /* Coordinate.swift in Sources */,
				081A71622AC8DCFA00A810D1 /* WeekdayView.swift in Sources */,
				081A71632AC8DCFA00A810D1 /* AgeView.swift in Sources */,
				089BAEC52ACCC2190000F06B /* DigitContainerView.swift in Sources */,
				0827AC112AC96ECB00DF9A7F /* DividerView.swift in Sources */,
				081A71642AC8DCFA00A810D1 /* TimeView.swift in Sources */,
				089BAECC2ACEB22A0000F06B /* Mode.swift in Sources */,
				081A71652AC8DCFA00A810D1 /* DayView.swift in Sources */,
				081A71502AC8DBB700A810D1 /* ContentView.swift in Sources */,
				081A714E2AC8DBB700A810D1 /* DigitalClockKitDemoApp.swift in Sources */,
				081A715D2AC8DC3000A810D1 /* Watch1View.swift in Sources */,
				081A715C2AC8DC3000A810D1 /* Watch2View.swift in Sources */,
			);
			runOnlyForDeploymentPostprocessing = 0;
		};
		08EEA39F2A9205310086826E /* Sources */ = {
			isa = PBXSourcesBuildPhase;
			buildActionMask = 2147483647;
			files = (
				0827AC102AC96ECB00DF9A7F /* DividerView.swift in Sources */,
				089BAEC82ACCC2680000F06B /* BinaryInteger+Extension.swift in Sources */,
				089BAEC32ACCC1B90000F06B /* DigitContainerView.swift in Sources */,
				08827E722AC8D4EB00E46115 /* TimeView.swift in Sources */,
				08827E732AC8D4EB00E46115 /* DayView.swift in Sources */,
				08827E6E2AC8D4EB00E46115 /* DigitView.swift in Sources */,
				08827E6F2AC8D4EB00E46115 /* Coordinate.swift in Sources */,
				08827E7C2AC8D5AC00E46115 /* DigitalClockKitTests.swift in Sources */,
				08827E742AC8D4EB00E46115 /* DigitalClockKit.swift in Sources */,
				08827E6C2AC8D4EB00E46115 /* MatrixView.swift in Sources */,
				08827E712AC8D4EB00E46115 /* AgeView.swift in Sources */,
				089BAECB2ACEB22A0000F06B /* Mode.swift in Sources */,
				08827E702AC8D4EB00E46115 /* WeekdayView.swift in Sources */,
				08827E762AC8D50200E46115 /* Package.swift in Sources */,
				08827E6D2AC8D4EB00E46115 /* NumberView.swift in Sources */,
			);
			runOnlyForDeploymentPostprocessing = 0;
		};
/* End PBXSourcesBuildPhase section */

/* Begin XCBuildConfiguration section */
		081A71572AC8DBB800A810D1 /* Debug */ = {
			isa = XCBuildConfiguration;
			buildSettings = {
				ASSETCATALOG_COMPILER_APPICON_NAME = AppIcon;
				ASSETCATALOG_COMPILER_GLOBAL_ACCENT_COLOR_NAME = AccentColor;
				CODE_SIGN_ENTITLEMENTS = DigitalClockKitDemoApp/DigitalClockKitDemoApp.entitlements;
				CODE_SIGN_STYLE = Automatic;
				CURRENT_PROJECT_VERSION = 1;
				DEVELOPMENT_ASSET_PATHS = "\"DigitalClockKitDemoApp/Preview Content\"";
				DEVELOPMENT_TEAM = Y77RDM57S3;
				ENABLE_HARDENED_RUNTIME = YES;
				ENABLE_PREVIEWS = YES;
				GENERATE_INFOPLIST_FILE = YES;
				"INFOPLIST_KEY_UIApplicationSceneManifest_Generation[sdk=iphoneos*]" = YES;
				"INFOPLIST_KEY_UIApplicationSceneManifest_Generation[sdk=iphonesimulator*]" = YES;
				"INFOPLIST_KEY_UIApplicationSupportsIndirectInputEvents[sdk=iphoneos*]" = YES;
				"INFOPLIST_KEY_UIApplicationSupportsIndirectInputEvents[sdk=iphonesimulator*]" = YES;
				"INFOPLIST_KEY_UILaunchScreen_Generation[sdk=iphoneos*]" = YES;
				"INFOPLIST_KEY_UILaunchScreen_Generation[sdk=iphonesimulator*]" = YES;
				"INFOPLIST_KEY_UIStatusBarStyle[sdk=iphoneos*]" = UIStatusBarStyleDefault;
				"INFOPLIST_KEY_UIStatusBarStyle[sdk=iphonesimulator*]" = UIStatusBarStyleDefault;
				INFOPLIST_KEY_UISupportedInterfaceOrientations_iPad = "UIInterfaceOrientationPortrait UIInterfaceOrientationPortraitUpsideDown UIInterfaceOrientationLandscapeLeft UIInterfaceOrientationLandscapeRight";
				INFOPLIST_KEY_UISupportedInterfaceOrientations_iPhone = "UIInterfaceOrientationPortrait UIInterfaceOrientationLandscapeLeft UIInterfaceOrientationLandscapeRight";
				IPHONEOS_DEPLOYMENT_TARGET = 17.0;
				LD_RUNPATH_SEARCH_PATHS = "@executable_path/Frameworks";
				"LD_RUNPATH_SEARCH_PATHS[sdk=macosx*]" = "@executable_path/../Frameworks";
				MACOSX_DEPLOYMENT_TARGET = 13.5;
				MARKETING_VERSION = 1.0;
				PRODUCT_BUNDLE_IDENTIFIER = jp.co.yumemi.DigitalClockKitDemoApp;
				PRODUCT_NAME = "$(TARGET_NAME)";
				SDKROOT = auto;
				SUPPORTED_PLATFORMS = "iphoneos iphonesimulator macosx";
				SWIFT_EMIT_LOC_STRINGS = YES;
				SWIFT_VERSION = 5.0;
				TARGETED_DEVICE_FAMILY = "1,2";
			};
			name = Debug;
		};
		081A71582AC8DBB800A810D1 /* Release */ = {
			isa = XCBuildConfiguration;
			buildSettings = {
				ASSETCATALOG_COMPILER_APPICON_NAME = AppIcon;
				ASSETCATALOG_COMPILER_GLOBAL_ACCENT_COLOR_NAME = AccentColor;
				CODE_SIGN_ENTITLEMENTS = DigitalClockKitDemoApp/DigitalClockKitDemoApp.entitlements;
				CODE_SIGN_STYLE = Automatic;
				CURRENT_PROJECT_VERSION = 1;
				DEVELOPMENT_ASSET_PATHS = "\"DigitalClockKitDemoApp/Preview Content\"";
				DEVELOPMENT_TEAM = Y77RDM57S3;
				ENABLE_HARDENED_RUNTIME = YES;
				ENABLE_PREVIEWS = YES;
				GENERATE_INFOPLIST_FILE = YES;
				"INFOPLIST_KEY_UIApplicationSceneManifest_Generation[sdk=iphoneos*]" = YES;
				"INFOPLIST_KEY_UIApplicationSceneManifest_Generation[sdk=iphonesimulator*]" = YES;
				"INFOPLIST_KEY_UIApplicationSupportsIndirectInputEvents[sdk=iphoneos*]" = YES;
				"INFOPLIST_KEY_UIApplicationSupportsIndirectInputEvents[sdk=iphonesimulator*]" = YES;
				"INFOPLIST_KEY_UILaunchScreen_Generation[sdk=iphoneos*]" = YES;
				"INFOPLIST_KEY_UILaunchScreen_Generation[sdk=iphonesimulator*]" = YES;
				"INFOPLIST_KEY_UIStatusBarStyle[sdk=iphoneos*]" = UIStatusBarStyleDefault;
				"INFOPLIST_KEY_UIStatusBarStyle[sdk=iphonesimulator*]" = UIStatusBarStyleDefault;
				INFOPLIST_KEY_UISupportedInterfaceOrientations_iPad = "UIInterfaceOrientationPortrait UIInterfaceOrientationPortraitUpsideDown UIInterfaceOrientationLandscapeLeft UIInterfaceOrientationLandscapeRight";
				INFOPLIST_KEY_UISupportedInterfaceOrientations_iPhone = "UIInterfaceOrientationPortrait UIInterfaceOrientationLandscapeLeft UIInterfaceOrientationLandscapeRight";
				IPHONEOS_DEPLOYMENT_TARGET = 17.0;
				LD_RUNPATH_SEARCH_PATHS = "@executable_path/Frameworks";
				"LD_RUNPATH_SEARCH_PATHS[sdk=macosx*]" = "@executable_path/../Frameworks";
				MACOSX_DEPLOYMENT_TARGET = 13.5;
				MARKETING_VERSION = 1.0;
				PRODUCT_BUNDLE_IDENTIFIER = jp.co.yumemi.DigitalClockKitDemoApp;
				PRODUCT_NAME = "$(TARGET_NAME)";
				SDKROOT = auto;
				SUPPORTED_PLATFORMS = "iphoneos iphonesimulator macosx";
				SWIFT_EMIT_LOC_STRINGS = YES;
				SWIFT_VERSION = 5.0;
				TARGETED_DEVICE_FAMILY = "1,2";
			};
			name = Release;
		};
		08EEA3B02A9205350086826E /* Debug */ = {
			isa = XCBuildConfiguration;
			buildSettings = {
				ALWAYS_SEARCH_USER_PATHS = NO;
				ASSETCATALOG_COMPILER_GENERATE_SWIFT_ASSET_SYMBOL_EXTENSIONS = YES;
				CLANG_ANALYZER_NONNULL = YES;
				CLANG_ANALYZER_NUMBER_OBJECT_CONVERSION = YES_AGGRESSIVE;
				CLANG_CXX_LANGUAGE_STANDARD = "gnu++20";
				CLANG_ENABLE_MODULES = YES;
				CLANG_ENABLE_OBJC_ARC = YES;
				CLANG_ENABLE_OBJC_WEAK = YES;
				CLANG_WARN_BLOCK_CAPTURE_AUTORELEASING = YES;
				CLANG_WARN_BOOL_CONVERSION = YES;
				CLANG_WARN_COMMA = YES;
				CLANG_WARN_CONSTANT_CONVERSION = YES;
				CLANG_WARN_DEPRECATED_OBJC_IMPLEMENTATIONS = YES;
				CLANG_WARN_DIRECT_OBJC_ISA_USAGE = YES_ERROR;
				CLANG_WARN_DOCUMENTATION_COMMENTS = YES;
				CLANG_WARN_EMPTY_BODY = YES;
				CLANG_WARN_ENUM_CONVERSION = YES;
				CLANG_WARN_INFINITE_RECURSION = YES;
				CLANG_WARN_INT_CONVERSION = YES;
				CLANG_WARN_NON_LITERAL_NULL_CONVERSION = YES;
				CLANG_WARN_OBJC_IMPLICIT_RETAIN_SELF = YES;
				CLANG_WARN_OBJC_LITERAL_CONVERSION = YES;
				CLANG_WARN_OBJC_ROOT_CLASS = YES_ERROR;
				CLANG_WARN_QUOTED_INCLUDE_IN_FRAMEWORK_HEADER = YES;
				CLANG_WARN_RANGE_LOOP_ANALYSIS = YES;
				CLANG_WARN_STRICT_PROTOTYPES = YES;
				CLANG_WARN_SUSPICIOUS_MOVE = YES;
				CLANG_WARN_UNGUARDED_AVAILABILITY = YES_AGGRESSIVE;
				CLANG_WARN_UNREACHABLE_CODE = YES;
				CLANG_WARN__DUPLICATE_METHOD_MATCH = YES;
				COPY_PHASE_STRIP = NO;
				DEBUG_INFORMATION_FORMAT = dwarf;
				ENABLE_STRICT_OBJC_MSGSEND = YES;
				ENABLE_TESTABILITY = YES;
				ENABLE_USER_SCRIPT_SANDBOXING = YES;
				GCC_C_LANGUAGE_STANDARD = gnu17;
				GCC_DYNAMIC_NO_PIC = NO;
				GCC_NO_COMMON_BLOCKS = YES;
				GCC_OPTIMIZATION_LEVEL = 0;
				GCC_PREPROCESSOR_DEFINITIONS = (
					"DEBUG=1",
					"$(inherited)",
				);
				GCC_WARN_64_TO_32_BIT_CONVERSION = YES;
				GCC_WARN_ABOUT_RETURN_TYPE = YES_ERROR;
				GCC_WARN_UNDECLARED_SELECTOR = YES;
				GCC_WARN_UNINITIALIZED_AUTOS = YES_AGGRESSIVE;
				GCC_WARN_UNUSED_FUNCTION = YES;
				GCC_WARN_UNUSED_VARIABLE = YES;
				LOCALIZATION_PREFERS_STRING_CATALOGS = YES;
				MTL_ENABLE_DEBUG_INFO = INCLUDE_SOURCE;
				MTL_FAST_MATH = YES;
				ONLY_ACTIVE_ARCH = YES;
				SWIFT_ACTIVE_COMPILATION_CONDITIONS = "DEBUG $(inherited)";
				SWIFT_OPTIMIZATION_LEVEL = "-Onone";
			};
			name = Debug;
		};
		08EEA3B12A9205350086826E /* Release */ = {
			isa = XCBuildConfiguration;
			buildSettings = {
				ALWAYS_SEARCH_USER_PATHS = NO;
				ASSETCATALOG_COMPILER_GENERATE_SWIFT_ASSET_SYMBOL_EXTENSIONS = YES;
				CLANG_ANALYZER_NONNULL = YES;
				CLANG_ANALYZER_NUMBER_OBJECT_CONVERSION = YES_AGGRESSIVE;
				CLANG_CXX_LANGUAGE_STANDARD = "gnu++20";
				CLANG_ENABLE_MODULES = YES;
				CLANG_ENABLE_OBJC_ARC = YES;
				CLANG_ENABLE_OBJC_WEAK = YES;
				CLANG_WARN_BLOCK_CAPTURE_AUTORELEASING = YES;
				CLANG_WARN_BOOL_CONVERSION = YES;
				CLANG_WARN_COMMA = YES;
				CLANG_WARN_CONSTANT_CONVERSION = YES;
				CLANG_WARN_DEPRECATED_OBJC_IMPLEMENTATIONS = YES;
				CLANG_WARN_DIRECT_OBJC_ISA_USAGE = YES_ERROR;
				CLANG_WARN_DOCUMENTATION_COMMENTS = YES;
				CLANG_WARN_EMPTY_BODY = YES;
				CLANG_WARN_ENUM_CONVERSION = YES;
				CLANG_WARN_INFINITE_RECURSION = YES;
				CLANG_WARN_INT_CONVERSION = YES;
				CLANG_WARN_NON_LITERAL_NULL_CONVERSION = YES;
				CLANG_WARN_OBJC_IMPLICIT_RETAIN_SELF = YES;
				CLANG_WARN_OBJC_LITERAL_CONVERSION = YES;
				CLANG_WARN_OBJC_ROOT_CLASS = YES_ERROR;
				CLANG_WARN_QUOTED_INCLUDE_IN_FRAMEWORK_HEADER = YES;
				CLANG_WARN_RANGE_LOOP_ANALYSIS = YES;
				CLANG_WARN_STRICT_PROTOTYPES = YES;
				CLANG_WARN_SUSPICIOUS_MOVE = YES;
				CLANG_WARN_UNGUARDED_AVAILABILITY = YES_AGGRESSIVE;
				CLANG_WARN_UNREACHABLE_CODE = YES;
				CLANG_WARN__DUPLICATE_METHOD_MATCH = YES;
				COPY_PHASE_STRIP = NO;
				DEBUG_INFORMATION_FORMAT = "dwarf-with-dsym";
				ENABLE_NS_ASSERTIONS = NO;
				ENABLE_STRICT_OBJC_MSGSEND = YES;
				ENABLE_USER_SCRIPT_SANDBOXING = YES;
				GCC_C_LANGUAGE_STANDARD = gnu17;
				GCC_NO_COMMON_BLOCKS = YES;
				GCC_WARN_64_TO_32_BIT_CONVERSION = YES;
				GCC_WARN_ABOUT_RETURN_TYPE = YES_ERROR;
				GCC_WARN_UNDECLARED_SELECTOR = YES;
				GCC_WARN_UNINITIALIZED_AUTOS = YES_AGGRESSIVE;
				GCC_WARN_UNUSED_FUNCTION = YES;
				GCC_WARN_UNUSED_VARIABLE = YES;
				LOCALIZATION_PREFERS_STRING_CATALOGS = YES;
				MTL_ENABLE_DEBUG_INFO = NO;
				MTL_FAST_MATH = YES;
				SWIFT_COMPILATION_MODE = wholemodule;
			};
			name = Release;
		};
		08EEA3B32A9205350086826E /* Debug */ = {
			isa = XCBuildConfiguration;
			buildSettings = {
				ASSETCATALOG_COMPILER_APPICON_NAME = AppIcon;
				ASSETCATALOG_COMPILER_GLOBAL_ACCENT_COLOR_NAME = AccentColor;
				CODE_SIGN_STYLE = Automatic;
				CURRENT_PROJECT_VERSION = 1;
				DEVELOPMENT_TEAM = Y77RDM57S3;
				ENABLE_HARDENED_RUNTIME = YES;
				ENABLE_PREVIEWS = YES;
				GENERATE_INFOPLIST_FILE = YES;
				"INFOPLIST_KEY_UIApplicationSceneManifest_Generation[sdk=iphoneos*]" = YES;
				"INFOPLIST_KEY_UIApplicationSceneManifest_Generation[sdk=iphonesimulator*]" = YES;
				"INFOPLIST_KEY_UIApplicationSupportsIndirectInputEvents[sdk=iphoneos*]" = YES;
				"INFOPLIST_KEY_UIApplicationSupportsIndirectInputEvents[sdk=iphonesimulator*]" = YES;
				"INFOPLIST_KEY_UILaunchScreen_Generation[sdk=iphoneos*]" = YES;
				"INFOPLIST_KEY_UILaunchScreen_Generation[sdk=iphonesimulator*]" = YES;
				"INFOPLIST_KEY_UIStatusBarStyle[sdk=iphoneos*]" = UIStatusBarStyleDefault;
				"INFOPLIST_KEY_UIStatusBarStyle[sdk=iphonesimulator*]" = UIStatusBarStyleDefault;
				INFOPLIST_KEY_UISupportedInterfaceOrientations_iPad = "UIInterfaceOrientationPortrait UIInterfaceOrientationPortraitUpsideDown UIInterfaceOrientationLandscapeLeft UIInterfaceOrientationLandscapeRight";
				INFOPLIST_KEY_UISupportedInterfaceOrientations_iPhone = "UIInterfaceOrientationPortrait UIInterfaceOrientationLandscapeLeft UIInterfaceOrientationLandscapeRight";
				IPHONEOS_DEPLOYMENT_TARGET = 17.0;
				LD_RUNPATH_SEARCH_PATHS = "@executable_path/Frameworks";
				"LD_RUNPATH_SEARCH_PATHS[sdk=macosx*]" = "@executable_path/../Frameworks";
				MACOSX_DEPLOYMENT_TARGET = 13.4;
				MARKETING_VERSION = 1.0;
				PRODUCT_BUNDLE_IDENTIFIER = jp.co.yumemi.DigitalClockKit;
				PRODUCT_NAME = "$(TARGET_NAME)";
				SDKROOT = auto;
				SUPPORTED_PLATFORMS = "iphoneos iphonesimulator macosx";
				SWIFT_EMIT_LOC_STRINGS = YES;
				SWIFT_VERSION = 5.0;
				TARGETED_DEVICE_FAMILY = "1,2";
			};
			name = Debug;
		};
		08EEA3B42A9205350086826E /* Release */ = {
			isa = XCBuildConfiguration;
			buildSettings = {
				ASSETCATALOG_COMPILER_APPICON_NAME = AppIcon;
				ASSETCATALOG_COMPILER_GLOBAL_ACCENT_COLOR_NAME = AccentColor;
				CODE_SIGN_STYLE = Automatic;
				CURRENT_PROJECT_VERSION = 1;
				DEVELOPMENT_TEAM = Y77RDM57S3;
				ENABLE_HARDENED_RUNTIME = YES;
				ENABLE_PREVIEWS = YES;
				GENERATE_INFOPLIST_FILE = YES;
				"INFOPLIST_KEY_UIApplicationSceneManifest_Generation[sdk=iphoneos*]" = YES;
				"INFOPLIST_KEY_UIApplicationSceneManifest_Generation[sdk=iphonesimulator*]" = YES;
				"INFOPLIST_KEY_UIApplicationSupportsIndirectInputEvents[sdk=iphoneos*]" = YES;
				"INFOPLIST_KEY_UIApplicationSupportsIndirectInputEvents[sdk=iphonesimulator*]" = YES;
				"INFOPLIST_KEY_UILaunchScreen_Generation[sdk=iphoneos*]" = YES;
				"INFOPLIST_KEY_UILaunchScreen_Generation[sdk=iphonesimulator*]" = YES;
				"INFOPLIST_KEY_UIStatusBarStyle[sdk=iphoneos*]" = UIStatusBarStyleDefault;
				"INFOPLIST_KEY_UIStatusBarStyle[sdk=iphonesimulator*]" = UIStatusBarStyleDefault;
				INFOPLIST_KEY_UISupportedInterfaceOrientations_iPad = "UIInterfaceOrientationPortrait UIInterfaceOrientationPortraitUpsideDown UIInterfaceOrientationLandscapeLeft UIInterfaceOrientationLandscapeRight";
				INFOPLIST_KEY_UISupportedInterfaceOrientations_iPhone = "UIInterfaceOrientationPortrait UIInterfaceOrientationLandscapeLeft UIInterfaceOrientationLandscapeRight";
				IPHONEOS_DEPLOYMENT_TARGET = 17.0;
				LD_RUNPATH_SEARCH_PATHS = "@executable_path/Frameworks";
				"LD_RUNPATH_SEARCH_PATHS[sdk=macosx*]" = "@executable_path/../Frameworks";
				MACOSX_DEPLOYMENT_TARGET = 13.4;
				MARKETING_VERSION = 1.0;
				PRODUCT_BUNDLE_IDENTIFIER = jp.co.yumemi.DigitalClockKit;
				PRODUCT_NAME = "$(TARGET_NAME)";
				SDKROOT = auto;
				SUPPORTED_PLATFORMS = "iphoneos iphonesimulator macosx";
				SWIFT_EMIT_LOC_STRINGS = YES;
				SWIFT_VERSION = 5.0;
				TARGETED_DEVICE_FAMILY = "1,2";
			};
			name = Release;
		};
/* End XCBuildConfiguration section */

/* Begin XCConfigurationList section */
		081A71592AC8DBB800A810D1 /* Build configuration list for PBXNativeTarget "DigitalClockKitDemoApp" */ = {
			isa = XCConfigurationList;
			buildConfigurations = (
				081A71572AC8DBB800A810D1 /* Debug */,
				081A71582AC8DBB800A810D1 /* Release */,
			);
			defaultConfigurationIsVisible = 0;
			defaultConfigurationName = Release;
		};
		08EEA39E2A9205310086826E /* Build configuration list for PBXProject "DigitalClockKit" */ = {
			isa = XCConfigurationList;
			buildConfigurations = (
				08EEA3B02A9205350086826E /* Debug */,
				08EEA3B12A9205350086826E /* Release */,
			);
			defaultConfigurationIsVisible = 0;
			defaultConfigurationName = Release;
		};
		08EEA3B22A9205350086826E /* Build configuration list for PBXNativeTarget "DigitalClockKit" */ = {
			isa = XCConfigurationList;
			buildConfigurations = (
				08EEA3B32A9205350086826E /* Debug */,
				08EEA3B42A9205350086826E /* Release */,
			);
			defaultConfigurationIsVisible = 0;
			defaultConfigurationName = Release;
		};
/* End XCConfigurationList section */
	};
	rootObject = 08EEA39B2A9205310086826E /* Project object */;
}
